
Microsoft Visual Studio Solution File, Format Version 12.00
Project("{FAE04EC0-301F-11D3-BF4B-00C04F79EFBC}") = "AdventureWorks", "AdventureWorks\AdventureWorks.csproj", "{06AC2791-7304-40A8-AC3C-90B896F3E393}"
EndProject
Global
	GlobalSection(SolutionConfigurationPlatforms) = preSolution
		Debug|Any CPU = Debug|Any CPU
		Release|Any CPU = Release|Any CPU
	EndGlobalSection
	GlobalSection(ProjectConfigurationPlatforms) = postSolution
		{06AC2791-7304-40A8-AC3C-90B896F3E393}.Debug|Any CPU.ActiveCfg = Debug|Any CPU
		{06AC2791-7304-40A8-AC3C-90B896F3E393}.Debug|Any CPU.Build.0 = Debug|Any CPU
		{06AC2791-7304-40A8-AC3C-90B896F3E393}.Release|Any CPU.ActiveCfg = Release|Any CPU
		{06AC2791-7304-40A8-AC3C-90B896F3E393}.Release|Any CPU.Build.0 = Release|Any CPU
	EndGlobalSection
EndGlobal
